
Microsoft Visual Studio Solution File, Format Version 12.00
# Visual Studio Version 17
VisualStudioVersion = 17.3.32929.385
MinimumVisualStudioVersion = 10.0.40219.1
Project("{FAE04EC0-301F-11D3-BF4B-00C04F79EFBC}") = "Pro7ChordEditor", "Pro7ChordEditor\Pro7ChordEditor.csproj", "{A7F895C7-42BC-465E-BC6B-705537F14D1D}"
EndProject
Project("{2150E333-8FDC-42A3-9474-1A3956D46DE8}") = "Solution Items", "Solution Items", "{A0D6E92F-2199-47B7-BF5F-82CC5866F69C}"
	ProjectSection(SolutionItems) = preProject
		README.md = README.md
	EndProjectSection
EndProject
Global
	GlobalSection(SolutionConfigurationPlatforms) = preSolution
		Debug|Any CPU = Debug|Any CPU
		Release|Any CPU = Release|Any CPU
	EndGlobalSection
	GlobalSection(ProjectConfigurationPlatforms) = postSolution
		{A7F895C7-42BC-465E-BC6B-705537F14D1D}.Debug|Any CPU.ActiveCfg = Debug|Any CPU
		{A7F895C7-42BC-465E-BC6B-705537F14D1D}.Debug|Any CPU.Build.0 = Debug|Any CPU
		{A7F895C7-42BC-465E-BC6B-705537F14D1D}.Release|Any CPU.ActiveCfg = Release|Any CPU
		{A7F895C7-42BC-465E-BC6B-705537F14D1D}.Release|Any CPU.Build.0 = Release|Any CPU
	EndGlobalSection
	GlobalSection(SolutionProperties) = preSolution
		HideSolutionNode = FALSE
	EndGlobalSection
	GlobalSection(ExtensibilityGlobals) = postSolution
		SolutionGuid = {5519A555-2B62-45E9-BFC0-91A76D2C21AF}
	EndGlobalSection
EndGlobal
